// !$*UTF8*$!
{
	archiveVersion = 1;
	classes = {
	};
	objectVersion = 56;
	objects = {

/* Begin PBXBuildFile section */
		65AC04442B72D1DE00F88CC7 /* Localizable.stringsdict in Resources */ = {isa = PBXBuildFile; fileRef = 65AC04432B72D1DE00F88CC7 /* Localizable.stringsdict */; };
		65B0299D2B56FC0C00C2ABAA /* OnboardingViewController.swift in Sources */ = {isa = PBXBuildFile; fileRef = 65B0299C2B56FC0C00C2ABAA /* OnboardingViewController.swift */; };
		65B0299F2B56FCB800C2ABAA /* OnboardingCollectionViewCell.swift in Sources */ = {isa = PBXBuildFile; fileRef = 65B0299E2B56FCB800C2ABAA /* OnboardingCollectionViewCell.swift */; };
		65B029A22B57153900C2ABAA /* PrimaryButton.swift in Sources */ = {isa = PBXBuildFile; fileRef = 65B029A12B57153900C2ABAA /* PrimaryButton.swift */; };
		65B029A42B57173000C2ABAA /* ExtensionUIView.swift in Sources */ = {isa = PBXBuildFile; fileRef = 65B029A32B57173000C2ABAA /* ExtensionUIView.swift */; };
		65B029A72B571DEF00C2ABAA /* ExtensionUIColor.swift in Sources */ = {isa = PBXBuildFile; fileRef = 65B029A62B571DEF00C2ABAA /* ExtensionUIColor.swift */; };
		65B029BC2B57228400C2ABAA /* Poppins-ExtraLight.ttf in Resources */ = {isa = PBXBuildFile; fileRef = 65B029A92B57228300C2ABAA /* Poppins-ExtraLight.ttf */; };
		65B029BD2B57228400C2ABAA /* Poppins-ThinItalic.ttf in Resources */ = {isa = PBXBuildFile; fileRef = 65B029AA2B57228300C2ABAA /* Poppins-ThinItalic.ttf */; };
		65B029BE2B57228400C2ABAA /* Poppins-ExtraLightItalic.ttf in Resources */ = {isa = PBXBuildFile; fileRef = 65B029AB2B57228300C2ABAA /* Poppins-ExtraLightItalic.ttf */; };
		65B029BF2B57228400C2ABAA /* Poppins-BoldItalic.ttf in Resources */ = {isa = PBXBuildFile; fileRef = 65B029AC2B57228300C2ABAA /* Poppins-BoldItalic.ttf */; };
		65B029C02B57228400C2ABAA /* Poppins-Light.ttf in Resources */ = {isa = PBXBuildFile; fileRef = 65B029AD2B57228300C2ABAA /* Poppins-Light.ttf */; };
		65B029C12B57228400C2ABAA /* Poppins-Medium.ttf in Resources */ = {isa = PBXBuildFile; fileRef = 65B029AE2B57228300C2ABAA /* Poppins-Medium.ttf */; };
		65B029C22B57228400C2ABAA /* Poppins-SemiBoldItalic.ttf in Resources */ = {isa = PBXBuildFile; fileRef = 65B029AF2B57228300C2ABAA /* Poppins-SemiBoldItalic.ttf */; };
		65B029C32B57228400C2ABAA /* Poppins-ExtraBoldItalic.ttf in Resources */ = {isa = PBXBuildFile; fileRef = 65B029B02B57228300C2ABAA /* Poppins-ExtraBoldItalic.ttf */; };
		65B029C42B57228400C2ABAA /* Poppins-ExtraBold.ttf in Resources */ = {isa = PBXBuildFile; fileRef = 65B029B12B57228300C2ABAA /* Poppins-ExtraBold.ttf */; };
		65B029C52B57228400C2ABAA /* Poppins-BlackItalic.ttf in Resources */ = {isa = PBXBuildFile; fileRef = 65B029B22B57228300C2ABAA /* Poppins-BlackItalic.ttf */; };
		65B029C62B57228400C2ABAA /* OFL.txt in Resources */ = {isa = PBXBuildFile; fileRef = 65B029B32B57228300C2ABAA /* OFL.txt */; };
		65B029C72B57228400C2ABAA /* Poppins-Regular.ttf in Resources */ = {isa = PBXBuildFile; fileRef = 65B029B42B57228300C2ABAA /* Poppins-Regular.ttf */; };
		65B029C82B57228400C2ABAA /* Poppins-LightItalic.ttf in Resources */ = {isa = PBXBuildFile; fileRef = 65B029B52B57228300C2ABAA /* Poppins-LightItalic.ttf */; };
		65B029C92B57228400C2ABAA /* Poppins-Bold.ttf in Resources */ = {isa = PBXBuildFile; fileRef = 65B029B62B57228300C2ABAA /* Poppins-Bold.ttf */; };
		65B029CA2B57228400C2ABAA /* Poppins-Black.ttf in Resources */ = {isa = PBXBuildFile; fileRef = 65B029B72B57228300C2ABAA /* Poppins-Black.ttf */; };
		65B029CB2B57228400C2ABAA /* Poppins-Thin.ttf in Resources */ = {isa = PBXBuildFile; fileRef = 65B029B82B57228300C2ABAA /* Poppins-Thin.ttf */; };
		65B029CC2B57228400C2ABAA /* Poppins-SemiBold.ttf in Resources */ = {isa = PBXBuildFile; fileRef = 65B029B92B57228300C2ABAA /* Poppins-SemiBold.ttf */; };
		65B029CD2B57228400C2ABAA /* Poppins-Italic.ttf in Resources */ = {isa = PBXBuildFile; fileRef = 65B029BA2B57228300C2ABAA /* Poppins-Italic.ttf */; };
		65B029CE2B57228400C2ABAA /* Poppins-MediumItalic.ttf in Resources */ = {isa = PBXBuildFile; fileRef = 65B029BB2B57228300C2ABAA /* Poppins-MediumItalic.ttf */; };
		65B029D02B57229D00C2ABAA /* ExtensionUIFont.swift in Sources */ = {isa = PBXBuildFile; fileRef = 65B029CF2B57229D00C2ABAA /* ExtensionUIFont.swift */; };
		65B029D42B57D1E400C2ABAA /* OnboardingContent.swift in Sources */ = {isa = PBXBuildFile; fileRef = 65B029D32B57D1E400C2ABAA /* OnboardingContent.swift */; };
		65B029D62B57D25400C2ABAA /* AppManager.swift in Sources */ = {isa = PBXBuildFile; fileRef = 65B029D52B57D25400C2ABAA /* AppManager.swift */; };
		65B029D92B5870DB00C2ABAA /* MainPageViewController.swift in Sources */ = {isa = PBXBuildFile; fileRef = 65B029D82B5870DB00C2ABAA /* MainPageViewController.swift */; };
		65B029DD2B58755400C2ABAA /* TrainInformationCollectionViewCell.swift in Sources */ = {isa = PBXBuildFile; fileRef = 65B029DC2B58755400C2ABAA /* TrainInformationCollectionViewCell.swift */; };
		65B029DF2B587BF900C2ABAA /* MainSectionCollectionReusableView.swift in Sources */ = {isa = PBXBuildFile; fileRef = 65B029DE2B587BF900C2ABAA /* MainSectionCollectionReusableView.swift */; };
		65B029E12B587C0F00C2ABAA /* OtherSectionCollectionReusableView.swift in Sources */ = {isa = PBXBuildFile; fileRef = 65B029E02B587C0F00C2ABAA /* OtherSectionCollectionReusableView.swift */; };
		65B029E32B59ABCB00C2ABAA /* MainFeaturesCollectionViewCell.swift in Sources */ = {isa = PBXBuildFile; fileRef = 65B029E22B59ABCA00C2ABAA /* MainFeaturesCollectionViewCell.swift */; };
		65B029E52B59ABE900C2ABAA /* LifestyleCollectionViewCell.swift in Sources */ = {isa = PBXBuildFile; fileRef = 65B029E42B59ABE900C2ABAA /* LifestyleCollectionViewCell.swift */; };
		65B029E72B59B6CD00C2ABAA /* PromotionsCollectionViewCell.swift in Sources */ = {isa = PBXBuildFile; fileRef = 65B029E62B59B6CD00C2ABAA /* PromotionsCollectionViewCell.swift */; };
		65B029E92B59BAC600C2ABAA /* NewsAndStoriesCollectionViewCell.swift in Sources */ = {isa = PBXBuildFile; fileRef = 65B029E82B59BAC600C2ABAA /* NewsAndStoriesCollectionViewCell.swift */; };
		65B029EB2B5A69BA00C2ABAA /* TrainInformationData.swift in Sources */ = {isa = PBXBuildFile; fileRef = 65B029EA2B5A69BA00C2ABAA /* TrainInformationData.swift */; };
		65B029ED2B5B046300C2ABAA /* CobaViewController.swift in Sources */ = {isa = PBXBuildFile; fileRef = 65B029EC2B5B046300C2ABAA /* CobaViewController.swift */; };
		65B029EF2B5B055500C2ABAA /* MantapView.swift in Sources */ = {isa = PBXBuildFile; fileRef = 65B029EE2B5B055500C2ABAA /* MantapView.swift */; };
		65B029F12B5B0DFF00C2ABAA /* CarriageIconView.swift in Sources */ = {isa = PBXBuildFile; fileRef = 65B029F02B5B0DFF00C2ABAA /* CarriageIconView.swift */; };
		65B029F32B5B170B00C2ABAA /* Utils.swift in Sources */ = {isa = PBXBuildFile; fileRef = 65B029F22B5B170B00C2ABAA /* Utils.swift */; };
		65B029F62B5BC6B500C2ABAA /* TrainInformationViewController.swift in Sources */ = {isa = PBXBuildFile; fileRef = 65B029F52B5BC6B500C2ABAA /* TrainInformationViewController.swift */; };
		65B029F92B5BCB6300C2ABAA /* TotalSeatsCollectionViewCell.swift in Sources */ = {isa = PBXBuildFile; fileRef = 65B029F82B5BCB6300C2ABAA /* TotalSeatsCollectionViewCell.swift */; };
		65B029FB2B5BCB7500C2ABAA /* TrainDetailsCollectionViewCell.swift in Sources */ = {isa = PBXBuildFile; fileRef = 65B029FA2B5BCB7500C2ABAA /* TrainDetailsCollectionViewCell.swift */; };
		65B029FD2B5BCB8000C2ABAA /* CarsCollectionViewCell.swift in Sources */ = {isa = PBXBuildFile; fileRef = 65B029FC2B5BCB8000C2ABAA /* CarsCollectionViewCell.swift */; };
		65B029FF2B5BCC3600C2ABAA /* AvailableSeatsCollectionViewCell.swift in Sources */ = {isa = PBXBuildFile; fileRef = 65B029FE2B5BCC3600C2ABAA /* AvailableSeatsCollectionViewCell.swift */; };
		65B02A012B5C579400C2ABAA /* TrainCar.swift in Sources */ = {isa = PBXBuildFile; fileRef = 65B02A002B5C579400C2ABAA /* TrainCar.swift */; };
		65B02A032B5C592300C2ABAA /* TrainInformationViewModel.swift in Sources */ = {isa = PBXBuildFile; fileRef = 65B02A022B5C592300C2ABAA /* TrainInformationViewModel.swift */; };
		65B02A052B5F023300C2ABAA /* LargeCarriageIconView.swift in Sources */ = {isa = PBXBuildFile; fileRef = 65B02A042B5F023300C2ABAA /* LargeCarriageIconView.swift */; };
		65B02A072B5F123F00C2ABAA /* Coba2ViewController.swift in Sources */ = {isa = PBXBuildFile; fileRef = 65B02A062B5F123F00C2ABAA /* Coba2ViewController.swift */; };
		65BEB19C2B5677F60012EF9E /* AppDelegate.swift in Sources */ = {isa = PBXBuildFile; fileRef = 65BEB19B2B5677F60012EF9E /* AppDelegate.swift */; };
		65BEB19E2B5677F60012EF9E /* SceneDelegate.swift in Sources */ = {isa = PBXBuildFile; fileRef = 65BEB19D2B5677F60012EF9E /* SceneDelegate.swift */; };
		65BEB1A52B5677F70012EF9E /* Assets.xcassets in Resources */ = {isa = PBXBuildFile; fileRef = 65BEB1A42B5677F70012EF9E /* Assets.xcassets */; };
		65BEB1A82B5677F70012EF9E /* LaunchScreen.storyboard in Resources */ = {isa = PBXBuildFile; fileRef = 65BEB1A62B5677F70012EF9E /* LaunchScreen.storyboard */; };
		65D10D3F2B61AC7F00320F35 /* ExtensionTrainInformationVC+MQTT.swift in Sources */ = {isa = PBXBuildFile; fileRef = 65D10D3E2B61AC7F00320F35 /* ExtensionTrainInformationVC+MQTT.swift */; };
		65D10D412B61B61200320F35 /* MQTTPayload.swift in Sources */ = {isa = PBXBuildFile; fileRef = 65D10D402B61B61200320F35 /* MQTTPayload.swift */; };
		ADC2AAD648EE5972F4868BE6 /* Pods_CrowdFlow.framework in Frameworks */ = {isa = PBXBuildFile; fileRef = C8DB60FFE39BA7E033A8D8E7 /* Pods_CrowdFlow.framework */; };
/* End PBXBuildFile section */

/* Begin PBXFileReference section */
		1EF7334102A9671BDE21BE96 /* Pods-CrowdFlow.release.xcconfig */ = {isa = PBXFileReference; includeInIndex = 1; lastKnownFileType = text.xcconfig; name = "Pods-CrowdFlow.release.xcconfig"; path = "Target Support Files/Pods-CrowdFlow/Pods-CrowdFlow.release.xcconfig"; sourceTree = "<group>"; };
		32305CD8E6D4EC6CC605C73B /* Pods-CrowdFlow.debug.xcconfig */ = {isa = PBXFileReference; includeInIndex = 1; lastKnownFileType = text.xcconfig; name = "Pods-CrowdFlow.debug.xcconfig"; path = "Target Support Files/Pods-CrowdFlow/Pods-CrowdFlow.debug.xcconfig"; sourceTree = "<group>"; };
		65AC04432B72D1DE00F88CC7 /* Localizable.stringsdict */ = {isa = PBXFileReference; lastKnownFileType = text.plist.stringsdict; path = Localizable.stringsdict; sourceTree = "<group>"; };
		65B0299C2B56FC0C00C2ABAA /* OnboardingViewController.swift */ = {isa = PBXFileReference; lastKnownFileType = sourcecode.swift; path = OnboardingViewController.swift; sourceTree = "<group>"; };
		65B0299E2B56FCB800C2ABAA /* OnboardingCollectionViewCell.swift */ = {isa = PBXFileReference; lastKnownFileType = sourcecode.swift; path = OnboardingCollectionViewCell.swift; sourceTree = "<group>"; };
		65B029A12B57153900C2ABAA /* PrimaryButton.swift */ = {isa = PBXFileReference; lastKnownFileType = sourcecode.swift; path = PrimaryButton.swift; sourceTree = "<group>"; };
		65B029A32B57173000C2ABAA /* ExtensionUIView.swift */ = {isa = PBXFileReference; lastKnownFileType = sourcecode.swift; path = ExtensionUIView.swift; sourceTree = "<group>"; };
		65B029A62B571DEF00C2ABAA /* ExtensionUIColor.swift */ = {isa = PBXFileReference; lastKnownFileType = sourcecode.swift; path = ExtensionUIColor.swift; sourceTree = "<group>"; };
		65B029A92B57228300C2ABAA /* Poppins-ExtraLight.ttf */ = {isa = PBXFileReference; lastKnownFileType = file; path = "Poppins-ExtraLight.ttf"; sourceTree = "<group>"; };
		65B029AA2B57228300C2ABAA /* Poppins-ThinItalic.ttf */ = {isa = PBXFileReference; lastKnownFileType = file; path = "Poppins-ThinItalic.ttf"; sourceTree = "<group>"; };
		65B029AB2B57228300C2ABAA /* Poppins-ExtraLightItalic.ttf */ = {isa = PBXFileReference; lastKnownFileType = file; path = "Poppins-ExtraLightItalic.ttf"; sourceTree = "<group>"; };
		65B029AC2B57228300C2ABAA /* Poppins-BoldItalic.ttf */ = {isa = PBXFileReference; lastKnownFileType = file; path = "Poppins-BoldItalic.ttf"; sourceTree = "<group>"; };
		65B029AD2B57228300C2ABAA /* Poppins-Light.ttf */ = {isa = PBXFileReference; lastKnownFileType = file; path = "Poppins-Light.ttf"; sourceTree = "<group>"; };
		65B029AE2B57228300C2ABAA /* Poppins-Medium.ttf */ = {isa = PBXFileReference; lastKnownFileType = file; path = "Poppins-Medium.ttf"; sourceTree = "<group>"; };
		65B029AF2B57228300C2ABAA /* Poppins-SemiBoldItalic.ttf */ = {isa = PBXFileReference; lastKnownFileType = file; path = "Poppins-SemiBoldItalic.ttf"; sourceTree = "<group>"; };
		65B029B02B57228300C2ABAA /* Poppins-ExtraBoldItalic.ttf */ = {isa = PBXFileReference; lastKnownFileType = file; path = "Poppins-ExtraBoldItalic.ttf"; sourceTree = "<group>"; };
		65B029B12B57228300C2ABAA /* Poppins-ExtraBold.ttf */ = {isa = PBXFileReference; lastKnownFileType = file; path = "Poppins-ExtraBold.ttf"; sourceTree = "<group>"; };
		65B029B22B57228300C2ABAA /* Poppins-BlackItalic.ttf */ = {isa = PBXFileReference; lastKnownFileType = file; path = "Poppins-BlackItalic.ttf"; sourceTree = "<group>"; };
		65B029B32B57228300C2ABAA /* OFL.txt */ = {isa = PBXFileReference; fileEncoding = 4; lastKnownFileType = text; path = OFL.txt; sourceTree = "<group>"; };
		65B029B42B57228300C2ABAA /* Poppins-Regular.ttf */ = {isa = PBXFileReference; lastKnownFileType = file; path = "Poppins-Regular.ttf"; sourceTree = "<group>"; };
		65B029B52B57228300C2ABAA /* Poppins-LightItalic.ttf */ = {isa = PBXFileReference; lastKnownFileType = file; path = "Poppins-LightItalic.ttf"; sourceTree = "<group>"; };
		65B029B62B57228300C2ABAA /* Poppins-Bold.ttf */ = {isa = PBXFileReference; lastKnownFileType = file; path = "Poppins-Bold.ttf"; sourceTree = "<group>"; };
		65B029B72B57228300C2ABAA /* Poppins-Black.ttf */ = {isa = PBXFileReference; lastKnownFileType = file; path = "Poppins-Black.ttf"; sourceTree = "<group>"; };
		65B029B82B57228300C2ABAA /* Poppins-Thin.ttf */ = {isa = PBXFileReference; lastKnownFileType = file; path = "Poppins-Thin.ttf"; sourceTree = "<group>"; };
		65B029B92B57228300C2ABAA /* Poppins-SemiBold.ttf */ = {isa = PBXFileReference; lastKnownFileType = file; path = "Poppins-SemiBold.ttf"; sourceTree = "<group>"; };
		65B029BA2B57228300C2ABAA /* Poppins-Italic.ttf */ = {isa = PBXFileReference; lastKnownFileType = file; path = "Poppins-Italic.ttf"; sourceTree = "<group>"; };
		65B029BB2B57228300C2ABAA /* Poppins-MediumItalic.ttf */ = {isa = PBXFileReference; lastKnownFileType = file; path = "Poppins-MediumItalic.ttf"; sourceTree = "<group>"; };
		65B029CF2B57229D00C2ABAA /* ExtensionUIFont.swift */ = {isa = PBXFileReference; lastKnownFileType = sourcecode.swift; path = ExtensionUIFont.swift; sourceTree = "<group>"; };
		65B029D32B57D1E400C2ABAA /* OnboardingContent.swift */ = {isa = PBXFileReference; lastKnownFileType = sourcecode.swift; path = OnboardingContent.swift; sourceTree = "<group>"; };
		65B029D52B57D25400C2ABAA /* AppManager.swift */ = {isa = PBXFileReference; lastKnownFileType = sourcecode.swift; path = AppManager.swift; sourceTree = "<group>"; };
		65B029D82B5870DB00C2ABAA /* MainPageViewController.swift */ = {isa = PBXFileReference; lastKnownFileType = sourcecode.swift; path = MainPageViewController.swift; sourceTree = "<group>"; };
		65B029DC2B58755400C2ABAA /* TrainInformationCollectionViewCell.swift */ = {isa = PBXFileReference; lastKnownFileType = sourcecode.swift; path = TrainInformationCollectionViewCell.swift; sourceTree = "<group>"; };
		65B029DE2B587BF900C2ABAA /* MainSectionCollectionReusableView.swift */ = {isa = PBXFileReference; lastKnownFileType = sourcecode.swift; path = MainSectionCollectionReusableView.swift; sourceTree = "<group>"; };
		65B029E02B587C0F00C2ABAA /* OtherSectionCollectionReusableView.swift */ = {isa = PBXFileReference; lastKnownFileType = sourcecode.swift; path = OtherSectionCollectionReusableView.swift; sourceTree = "<group>"; };
		65B029E22B59ABCA00C2ABAA /* MainFeaturesCollectionViewCell.swift */ = {isa = PBXFileReference; lastKnownFileType = sourcecode.swift; path = MainFeaturesCollectionViewCell.swift; sourceTree = "<group>"; };
		65B029E42B59ABE900C2ABAA /* LifestyleCollectionViewCell.swift */ = {isa = PBXFileReference; lastKnownFileType = sourcecode.swift; path = LifestyleCollectionViewCell.swift; sourceTree = "<group>"; };
		65B029E62B59B6CD00C2ABAA /* PromotionsCollectionViewCell.swift */ = {isa = PBXFileReference; lastKnownFileType = sourcecode.swift; path = PromotionsCollectionViewCell.swift; sourceTree = "<group>"; };
		65B029E82B59BAC600C2ABAA /* NewsAndStoriesCollectionViewCell.swift */ = {isa = PBXFileReference; lastKnownFileType = sourcecode.swift; path = NewsAndStoriesCollectionViewCell.swift; sourceTree = "<group>"; };
		65B029EA2B5A69BA00C2ABAA /* TrainInformationData.swift */ = {isa = PBXFileReference; lastKnownFileType = sourcecode.swift; path = TrainInformationData.swift; sourceTree = "<group>"; };
		65B029EC2B5B046300C2ABAA /* CobaViewController.swift */ = {isa = PBXFileReference; lastKnownFileType = sourcecode.swift; path = CobaViewController.swift; sourceTree = "<group>"; };
		65B029EE2B5B055500C2ABAA /* MantapView.swift */ = {isa = PBXFileReference; lastKnownFileType = sourcecode.swift; path = MantapView.swift; sourceTree = "<group>"; };
		65B029F02B5B0DFF00C2ABAA /* CarriageIconView.swift */ = {isa = PBXFileReference; lastKnownFileType = sourcecode.swift; path = CarriageIconView.swift; sourceTree = "<group>"; };
		65B029F22B5B170B00C2ABAA /* Utils.swift */ = {isa = PBXFileReference; lastKnownFileType = sourcecode.swift; path = Utils.swift; sourceTree = "<group>"; };
		65B029F52B5BC6B500C2ABAA /* TrainInformationViewController.swift */ = {isa = PBXFileReference; lastKnownFileType = sourcecode.swift; path = TrainInformationViewController.swift; sourceTree = "<group>"; };
		65B029F82B5BCB6300C2ABAA /* TotalSeatsCollectionViewCell.swift */ = {isa = PBXFileReference; lastKnownFileType = sourcecode.swift; path = TotalSeatsCollectionViewCell.swift; sourceTree = "<group>"; };
		65B029FA2B5BCB7500C2ABAA /* TrainDetailsCollectionViewCell.swift */ = {isa = PBXFileReference; lastKnownFileType = sourcecode.swift; path = TrainDetailsCollectionViewCell.swift; sourceTree = "<group>"; };
		65B029FC2B5BCB8000C2ABAA /* CarsCollectionViewCell.swift */ = {isa = PBXFileReference; lastKnownFileType = sourcecode.swift; path = CarsCollectionViewCell.swift; sourceTree = "<group>"; };
		65B029FE2B5BCC3600C2ABAA /* AvailableSeatsCollectionViewCell.swift */ = {isa = PBXFileReference; lastKnownFileType = sourcecode.swift; path = AvailableSeatsCollectionViewCell.swift; sourceTree = "<group>"; };
		65B02A002B5C579400C2ABAA /* TrainCar.swift */ = {isa = PBXFileReference; lastKnownFileType = sourcecode.swift; path = TrainCar.swift; sourceTree = "<group>"; };
		65B02A022B5C592300C2ABAA /* TrainInformationViewModel.swift */ = {isa = PBXFileReference; lastKnownFileType = sourcecode.swift; path = TrainInformationViewModel.swift; sourceTree = "<group>"; };
		65B02A042B5F023300C2ABAA /* LargeCarriageIconView.swift */ = {isa = PBXFileReference; lastKnownFileType = sourcecode.swift; path = LargeCarriageIconView.swift; sourceTree = "<group>"; };
		65B02A062B5F123F00C2ABAA /* Coba2ViewController.swift */ = {isa = PBXFileReference; lastKnownFileType = sourcecode.swift; path = Coba2ViewController.swift; sourceTree = "<group>"; };
		65BEB1982B5677F60012EF9E /* CrowdFlow.app */ = {isa = PBXFileReference; explicitFileType = wrapper.application; includeInIndex = 0; path = CrowdFlow.app; sourceTree = BUILT_PRODUCTS_DIR; };
		65BEB19B2B5677F60012EF9E /* AppDelegate.swift */ = {isa = PBXFileReference; lastKnownFileType = sourcecode.swift; path = AppDelegate.swift; sourceTree = "<group>"; };
		65BEB19D2B5677F60012EF9E /* SceneDelegate.swift */ = {isa = PBXFileReference; lastKnownFileType = sourcecode.swift; path = SceneDelegate.swift; sourceTree = "<group>"; };
		65BEB1A42B5677F70012EF9E /* Assets.xcassets */ = {isa = PBXFileReference; lastKnownFileType = folder.assetcatalog; path = Assets.xcassets; sourceTree = "<group>"; };
		65BEB1A72B5677F70012EF9E /* Base */ = {isa = PBXFileReference; lastKnownFileType = file.storyboard; name = Base; path = Base.lproj/LaunchScreen.storyboard; sourceTree = "<group>"; };
		65BEB1A92B5677F70012EF9E /* Info.plist */ = {isa = PBXFileReference; lastKnownFileType = text.plist.xml; path = Info.plist; sourceTree = "<group>"; };
		65D10D3E2B61AC7F00320F35 /* ExtensionTrainInformationVC+MQTT.swift */ = {isa = PBXFileReference; lastKnownFileType = sourcecode.swift; path = "ExtensionTrainInformationVC+MQTT.swift"; sourceTree = "<group>"; };
		65D10D402B61B61200320F35 /* MQTTPayload.swift */ = {isa = PBXFileReference; lastKnownFileType = sourcecode.swift; path = MQTTPayload.swift; sourceTree = "<group>"; };
		C8DB60FFE39BA7E033A8D8E7 /* Pods_CrowdFlow.framework */ = {isa = PBXFileReference; explicitFileType = wrapper.framework; includeInIndex = 0; path = Pods_CrowdFlow.framework; sourceTree = BUILT_PRODUCTS_DIR; };
/* End PBXFileReference section */

/* Begin PBXFrameworksBuildPhase section */
		65BEB1952B5677F60012EF9E /* Frameworks */ = {
			isa = PBXFrameworksBuildPhase;
			buildActionMask = 2147483647;
			files = (
				ADC2AAD648EE5972F4868BE6 /* Pods_CrowdFlow.framework in Frameworks */,
			);
			runOnlyForDeploymentPostprocessing = 0;
		};
/* End PBXFrameworksBuildPhase section */

/* Begin PBXGroup section */
		65B029982B56FB1B00C2ABAA /* Resources */ = {
			isa = PBXGroup;
			children = (
				65B029A82B57228300C2ABAA /* Poppins */,
				65BEB19B2B5677F60012EF9E /* AppDelegate.swift */,
				65BEB19D2B5677F60012EF9E /* SceneDelegate.swift */,
				65B029A32B57173000C2ABAA /* ExtensionUIView.swift */,
				65B029A62B571DEF00C2ABAA /* ExtensionUIColor.swift */,
				65B029CF2B57229D00C2ABAA /* ExtensionUIFont.swift */,
				65B029D52B57D25400C2ABAA /* AppManager.swift */,
				65B029F22B5B170B00C2ABAA /* Utils.swift */,
				65BEB1A42B5677F70012EF9E /* Assets.xcassets */,
				65BEB1A62B5677F70012EF9E /* LaunchScreen.storyboard */,
			);
			path = Resources;
			sourceTree = "<group>";
		};
		65B029992B56FB2100C2ABAA /* ViewControllers */ = {
			isa = PBXGroup;
			children = (
				65B029D12B57278D00C2ABAA /* Onboarding */,
				65B029D72B58707E00C2ABAA /* MainPage */,
				65B029F42B5BC69400C2ABAA /* TrainInformation */,
			);
			path = ViewControllers;
			sourceTree = "<group>";
		};
		65B0299A2B56FB4100C2ABAA /* Experiments */ = {
			isa = PBXGroup;
			children = (
				65B029EC2B5B046300C2ABAA /* CobaViewController.swift */,
				65B029EE2B5B055500C2ABAA /* MantapView.swift */,
				65B02A062B5F123F00C2ABAA /* Coba2ViewController.swift */,
			);
			path = Experiments;
			sourceTree = "<group>";
		};
		65B029A02B57152400C2ABAA /* Views */ = {
			isa = PBXGroup;
			children = (
				65B029A12B57153900C2ABAA /* PrimaryButton.swift */,
				65B029DE2B587BF900C2ABAA /* MainSectionCollectionReusableView.swift */,
				65B029E02B587C0F00C2ABAA /* OtherSectionCollectionReusableView.swift */,
			);
			path = Views;
			sourceTree = "<group>";
		};
		65B029A82B57228300C2ABAA /* Poppins */ = {
			isa = PBXGroup;
			children = (
				65B029A92B57228300C2ABAA /* Poppins-ExtraLight.ttf */,
				65B029AA2B57228300C2ABAA /* Poppins-ThinItalic.ttf */,
				65B029AB2B57228300C2ABAA /* Poppins-ExtraLightItalic.ttf */,
				65B029AC2B57228300C2ABAA /* Poppins-BoldItalic.ttf */,
				65B029AD2B57228300C2ABAA /* Poppins-Light.ttf */,
				65B029AE2B57228300C2ABAA /* Poppins-Medium.ttf */,
				65B029AF2B57228300C2ABAA /* Poppins-SemiBoldItalic.ttf */,
				65B029B02B57228300C2ABAA /* Poppins-ExtraBoldItalic.ttf */,
				65B029B12B57228300C2ABAA /* Poppins-ExtraBold.ttf */,
				65B029B22B57228300C2ABAA /* Poppins-BlackItalic.ttf */,
				65B029B32B57228300C2ABAA /* OFL.txt */,
				65B029B42B57228300C2ABAA /* Poppins-Regular.ttf */,
				65B029B52B57228300C2ABAA /* Poppins-LightItalic.ttf */,
				65B029B62B57228300C2ABAA /* Poppins-Bold.ttf */,
				65B029B72B57228300C2ABAA /* Poppins-Black.ttf */,
				65B029B82B57228300C2ABAA /* Poppins-Thin.ttf */,
				65B029B92B57228300C2ABAA /* Poppins-SemiBold.ttf */,
				65B029BA2B57228300C2ABAA /* Poppins-Italic.ttf */,
				65B029BB2B57228300C2ABAA /* Poppins-MediumItalic.ttf */,
			);
			path = Poppins;
			sourceTree = "<group>";
		};
		65B029D12B57278D00C2ABAA /* Onboarding */ = {
			isa = PBXGroup;
			children = (
				65B0299C2B56FC0C00C2ABAA /* OnboardingViewController.swift */,
				65B0299E2B56FCB800C2ABAA /* OnboardingCollectionViewCell.swift */,
			);
			path = Onboarding;
			sourceTree = "<group>";
		};
		65B029D22B57D1D800C2ABAA /* Models */ = {
			isa = PBXGroup;
			children = (
				65B029D32B57D1E400C2ABAA /* OnboardingContent.swift */,
				65B029EA2B5A69BA00C2ABAA /* TrainInformationData.swift */,
				65B02A002B5C579400C2ABAA /* TrainCar.swift */,
				65B02A022B5C592300C2ABAA /* TrainInformationViewModel.swift */,
				65D10D402B61B61200320F35 /* MQTTPayload.swift */,
			);
			path = Models;
			sourceTree = "<group>";
		};
		65B029D72B58707E00C2ABAA /* MainPage */ = {
			isa = PBXGroup;
			children = (
				65B029D82B5870DB00C2ABAA /* MainPageViewController.swift */,
				65B029DB2B58741C00C2ABAA /* Cells */,
				65B029F02B5B0DFF00C2ABAA /* CarriageIconView.swift */,
				65B02A042B5F023300C2ABAA /* LargeCarriageIconView.swift */,
			);
			path = MainPage;
			sourceTree = "<group>";
		};
		65B029DB2B58741C00C2ABAA /* Cells */ = {
			isa = PBXGroup;
			children = (
				65B029DC2B58755400C2ABAA /* TrainInformationCollectionViewCell.swift */,
				65B029E22B59ABCA00C2ABAA /* MainFeaturesCollectionViewCell.swift */,
				65B029E42B59ABE900C2ABAA /* LifestyleCollectionViewCell.swift */,
				65B029E62B59B6CD00C2ABAA /* PromotionsCollectionViewCell.swift */,
				65B029E82B59BAC600C2ABAA /* NewsAndStoriesCollectionViewCell.swift */,
			);
			path = Cells;
			sourceTree = "<group>";
		};
		65B029F42B5BC69400C2ABAA /* TrainInformation */ = {
			isa = PBXGroup;
			children = (
				65B029F52B5BC6B500C2ABAA /* TrainInformationViewController.swift */,
				65D10D3E2B61AC7F00320F35 /* ExtensionTrainInformationVC+MQTT.swift */,
				65B029F72B5BCB4200C2ABAA /* Cells */,
			);
			path = TrainInformation;
			sourceTree = "<group>";
		};
		65B029F72B5BCB4200C2ABAA /* Cells */ = {
			isa = PBXGroup;
			children = (
				65B029FA2B5BCB7500C2ABAA /* TrainDetailsCollectionViewCell.swift */,
				65B029F82B5BCB6300C2ABAA /* TotalSeatsCollectionViewCell.swift */,
				65B029FC2B5BCB8000C2ABAA /* CarsCollectionViewCell.swift */,
				65B029FE2B5BCC3600C2ABAA /* AvailableSeatsCollectionViewCell.swift */,
			);
			path = Cells;
			sourceTree = "<group>";
		};
		65BEB18F2B5677F60012EF9E = {
			isa = PBXGroup;
			children = (
				65BEB19A2B5677F60012EF9E /* CrowdFlow */,
				65BEB1992B5677F60012EF9E /* Products */,
				CDB6CC9062CE6BEB37715493 /* Pods */,
				FA2C336E1709C95F4170EFEC /* Frameworks */,
			);
			sourceTree = "<group>";
		};
		65BEB1992B5677F60012EF9E /* Products */ = {
			isa = PBXGroup;
			children = (
				65BEB1982B5677F60012EF9E /* CrowdFlow.app */,
			);
			name = Products;
			sourceTree = "<group>";
		};
		65BEB19A2B5677F60012EF9E /* CrowdFlow */ = {
			isa = PBXGroup;
			children = (
				65B029982B56FB1B00C2ABAA /* Resources */,
				65B029A02B57152400C2ABAA /* Views */,
				65B029D22B57D1D800C2ABAA /* Models */,
				65B029992B56FB2100C2ABAA /* ViewControllers */,
				65B0299A2B56FB4100C2ABAA /* Experiments */,
				65BEB1A92B5677F70012EF9E /* Info.plist */,
				65AC04432B72D1DE00F88CC7 /* Localizable.stringsdict */,
			);
			path = CrowdFlow;
			sourceTree = "<group>";
		};
		CDB6CC9062CE6BEB37715493 /* Pods */ = {
			isa = PBXGroup;
			children = (
				32305CD8E6D4EC6CC605C73B /* Pods-CrowdFlow.debug.xcconfig */,
				1EF7334102A9671BDE21BE96 /* Pods-CrowdFlow.release.xcconfig */,
			);
			path = Pods;
			sourceTree = "<group>";
		};
		FA2C336E1709C95F4170EFEC /* Frameworks */ = {
			isa = PBXGroup;
			children = (
				C8DB60FFE39BA7E033A8D8E7 /* Pods_CrowdFlow.framework */,
			);
			name = Frameworks;
			sourceTree = "<group>";
		};
/* End PBXGroup section */

/* Begin PBXNativeTarget section */
		65BEB1972B5677F60012EF9E /* CrowdFlow */ = {
			isa = PBXNativeTarget;
			buildConfigurationList = 65BEB1AC2B5677F70012EF9E /* Build configuration list for PBXNativeTarget "CrowdFlow" */;
			buildPhases = (
				047D0DDF8C31E1BDFDDB03C5 /* [CP] Check Pods Manifest.lock */,
				65BEB1942B5677F60012EF9E /* Sources */,
				65BEB1952B5677F60012EF9E /* Frameworks */,
				65BEB1962B5677F60012EF9E /* Resources */,
				06E69B5524D6B9B8B7BB4EE6 /* [CP] Embed Pods Frameworks */,
			);
			buildRules = (
			);
			dependencies = (
			);
			name = CrowdFlow;
			productName = CrowdFlow;
			productReference = 65BEB1982B5677F60012EF9E /* CrowdFlow.app */;
			productType = "com.apple.product-type.application";
		};
/* End PBXNativeTarget section */

/* Begin PBXProject section */
		65BEB1902B5677F60012EF9E /* Project object */ = {
			isa = PBXProject;
			attributes = {
				BuildIndependentTargetsInParallel = 1;
				LastSwiftUpdateCheck = 1500;
				LastUpgradeCheck = 1500;
				TargetAttributes = {
					65BEB1972B5677F60012EF9E = {
						CreatedOnToolsVersion = 15.0;
					};
				};
			};
			buildConfigurationList = 65BEB1932B5677F60012EF9E /* Build configuration list for PBXProject "CrowdFlow" */;
			compatibilityVersion = "Xcode 14.0";
			developmentRegion = en;
			hasScannedForEncodings = 0;
			knownRegions = (
				en,
				Base,
			);
			mainGroup = 65BEB18F2B5677F60012EF9E;
			productRefGroup = 65BEB1992B5677F60012EF9E /* Products */;
			projectDirPath = "";
			projectRoot = "";
			targets = (
				65BEB1972B5677F60012EF9E /* CrowdFlow */,
			);
		};
/* End PBXProject section */

/* Begin PBXResourcesBuildPhase section */
		65BEB1962B5677F60012EF9E /* Resources */ = {
			isa = PBXResourcesBuildPhase;
			buildActionMask = 2147483647;
			files = (
				65B029C02B57228400C2ABAA /* Poppins-Light.ttf in Resources */,
				65B029CA2B57228400C2ABAA /* Poppins-Black.ttf in Resources */,
				65B029C82B57228400C2ABAA /* Poppins-LightItalic.ttf in Resources */,
				65AC04442B72D1DE00F88CC7 /* Localizable.stringsdict in Resources */,
				65B029CB2B57228400C2ABAA /* Poppins-Thin.ttf in Resources */,
				65B029BC2B57228400C2ABAA /* Poppins-ExtraLight.ttf in Resources */,
				65B029CC2B57228400C2ABAA /* Poppins-SemiBold.ttf in Resources */,
				65B029C92B57228400C2ABAA /* Poppins-Bold.ttf in Resources */,
				65B029BD2B57228400C2ABAA /* Poppins-ThinItalic.ttf in Resources */,
				65B029BE2B57228400C2ABAA /* Poppins-ExtraLightItalic.ttf in Resources */,
				65B029C52B57228400C2ABAA /* Poppins-BlackItalic.ttf in Resources */,
				65B029C32B57228400C2ABAA /* Poppins-ExtraBoldItalic.ttf in Resources */,
				65B029BF2B57228400C2ABAA /* Poppins-BoldItalic.ttf in Resources */,
				65B029C22B57228400C2ABAA /* Poppins-SemiBoldItalic.ttf in Resources */,
				65B029C62B57228400C2ABAA /* OFL.txt in Resources */,
				65B029C72B57228400C2ABAA /* Poppins-Regular.ttf in Resources */,
				65B029C42B57228400C2ABAA /* Poppins-ExtraBold.ttf in Resources */,
				65B029C12B57228400C2ABAA /* Poppins-Medium.ttf in Resources */,
				65BEB1A82B5677F70012EF9E /* LaunchScreen.storyboard in Resources */,
				65B029CD2B57228400C2ABAA /* Poppins-Italic.ttf in Resources */,
				65B029CE2B57228400C2ABAA /* Poppins-MediumItalic.ttf in Resources */,
				65BEB1A52B5677F70012EF9E /* Assets.xcassets in Resources */,
			);
			runOnlyForDeploymentPostprocessing = 0;
		};
/* End PBXResourcesBuildPhase section */

/* Begin PBXShellScriptBuildPhase section */
		047D0DDF8C31E1BDFDDB03C5 /* [CP] Check Pods Manifest.lock */ = {
			isa = PBXShellScriptBuildPhase;
			buildActionMask = 2147483647;
			files = (
			);
			inputFileListPaths = (
			);
			inputPaths = (
				"${PODS_PODFILE_DIR_PATH}/Podfile.lock",
				"${PODS_ROOT}/Manifest.lock",
			);
			name = "[CP] Check Pods Manifest.lock";
			outputFileListPaths = (
			);
			outputPaths = (
				"$(DERIVED_FILE_DIR)/Pods-CrowdFlow-checkManifestLockResult.txt",
			);
			runOnlyForDeploymentPostprocessing = 0;
			shellPath = /bin/sh;
			shellScript = "diff \"${PODS_PODFILE_DIR_PATH}/Podfile.lock\" \"${PODS_ROOT}/Manifest.lock\" > /dev/null\nif [ $? != 0 ] ; then\n    # print error to STDERR\n    echo \"error: The sandbox is not in sync with the Podfile.lock. Run 'pod install' or update your CocoaPods installation.\" >&2\n    exit 1\nfi\n# This output is used by Xcode 'outputs' to avoid re-running this script phase.\necho \"SUCCESS\" > \"${SCRIPT_OUTPUT_FILE_0}\"\n";
			showEnvVarsInLog = 0;
		};
		06E69B5524D6B9B8B7BB4EE6 /* [CP] Embed Pods Frameworks */ = {
			isa = PBXShellScriptBuildPhase;
			buildActionMask = 2147483647;
			files = (
			);
			inputFileListPaths = (
				"${PODS_ROOT}/Target Support Files/Pods-CrowdFlow/Pods-CrowdFlow-frameworks-${CONFIGURATION}-input-files.xcfilelist",
			);
			name = "[CP] Embed Pods Frameworks";
			outputFileListPaths = (
				"${PODS_ROOT}/Target Support Files/Pods-CrowdFlow/Pods-CrowdFlow-frameworks-${CONFIGURATION}-output-files.xcfilelist",
			);
			runOnlyForDeploymentPostprocessing = 0;
			shellPath = /bin/sh;
			shellScript = "\"${PODS_ROOT}/Target Support Files/Pods-CrowdFlow/Pods-CrowdFlow-frameworks.sh\"\n";
			showEnvVarsInLog = 0;
		};
/* End PBXShellScriptBuildPhase section */

/* Begin PBXSourcesBuildPhase section */
		65BEB1942B5677F60012EF9E /* Sources */ = {
			isa = PBXSourcesBuildPhase;
			buildActionMask = 2147483647;
			files = (
				65B029E12B587C0F00C2ABAA /* OtherSectionCollectionReusableView.swift in Sources */,
				65B029EB2B5A69BA00C2ABAA /* TrainInformationData.swift in Sources */,
				65B029F62B5BC6B500C2ABAA /* TrainInformationViewController.swift in Sources */,
				65B029A42B57173000C2ABAA /* ExtensionUIView.swift in Sources */,
				65B029D62B57D25400C2ABAA /* AppManager.swift in Sources */,
				65BEB19C2B5677F60012EF9E /* AppDelegate.swift in Sources */,
				65B029D02B57229D00C2ABAA /* ExtensionUIFont.swift in Sources */,
				65B029EF2B5B055500C2ABAA /* MantapView.swift in Sources */,
				65B029FB2B5BCB7500C2ABAA /* TrainDetailsCollectionViewCell.swift in Sources */,
				65B029FF2B5BCC3600C2ABAA /* AvailableSeatsCollectionViewCell.swift in Sources */,
				65BEB19E2B5677F60012EF9E /* SceneDelegate.swift in Sources */,
				65B029E32B59ABCB00C2ABAA /* MainFeaturesCollectionViewCell.swift in Sources */,
				65D10D412B61B61200320F35 /* MQTTPayload.swift in Sources */,
				65B02A032B5C592300C2ABAA /* TrainInformationViewModel.swift in Sources */,
				65B029E92B59BAC600C2ABAA /* NewsAndStoriesCollectionViewCell.swift in Sources */,
				65B029DF2B587BF900C2ABAA /* MainSectionCollectionReusableView.swift in Sources */,
				65B029A22B57153900C2ABAA /* PrimaryButton.swift in Sources */,
				65B029ED2B5B046300C2ABAA /* CobaViewController.swift in Sources */,
				65B029F12B5B0DFF00C2ABAA /* CarriageIconView.swift in Sources */,
				65B029DD2B58755400C2ABAA /* TrainInformationCollectionViewCell.swift in Sources */,
				65B029F32B5B170B00C2ABAA /* Utils.swift in Sources */,
				65B0299D2B56FC0C00C2ABAA /* OnboardingViewController.swift in Sources */,
				65B02A052B5F023300C2ABAA /* LargeCarriageIconView.swift in Sources */,
				65B029A72B571DEF00C2ABAA /* ExtensionUIColor.swift in Sources */,
				65B029E72B59B6CD00C2ABAA /* PromotionsCollectionViewCell.swift in Sources */,
				65B029E52B59ABE900C2ABAA /* LifestyleCollectionViewCell.swift in Sources */,
				65B029D92B5870DB00C2ABAA /* MainPageViewController.swift in Sources */,
				65B02A072B5F123F00C2ABAA /* Coba2ViewController.swift in Sources */,
				65B0299F2B56FCB800C2ABAA /* OnboardingCollectionViewCell.swift in Sources */,
				65D10D3F2B61AC7F00320F35 /* ExtensionTrainInformationVC+MQTT.swift in Sources */,
				65B029F92B5BCB6300C2ABAA /* TotalSeatsCollectionViewCell.swift in Sources */,
				65B02A012B5C579400C2ABAA /* TrainCar.swift in Sources */,
				65B029D42B57D1E400C2ABAA /* OnboardingContent.swift in Sources */,
				65B029FD2B5BCB8000C2ABAA /* CarsCollectionViewCell.swift in Sources */,
			);
			runOnlyForDeploymentPostprocessing = 0;
		};
/* End PBXSourcesBuildPhase section */

/* Begin PBXVariantGroup section */
		65BEB1A62B5677F70012EF9E /* LaunchScreen.storyboard */ = {
			isa = PBXVariantGroup;
			children = (
				65BEB1A72B5677F70012EF9E /* Base */,
			);
			name = LaunchScreen.storyboard;
			sourceTree = "<group>";
		};
/* End PBXVariantGroup section */

/* Begin XCBuildConfiguration section */
		65BEB1AA2B5677F70012EF9E /* Debug */ = {
			isa = XCBuildConfiguration;
			buildSettings = {
				ALWAYS_SEARCH_USER_PATHS = NO;
				ASSETCATALOG_COMPILER_GENERATE_SWIFT_ASSET_SYMBOL_EXTENSIONS = YES;
				CLANG_ANALYZER_NONNULL = YES;
				CLANG_ANALYZER_NUMBER_OBJECT_CONVERSION = YES_AGGRESSIVE;
				CLANG_CXX_LANGUAGE_STANDARD = "gnu++20";
				CLANG_ENABLE_MODULES = YES;
				CLANG_ENABLE_OBJC_ARC = YES;
				CLANG_ENABLE_OBJC_WEAK = YES;
				CLANG_WARN_BLOCK_CAPTURE_AUTORELEASING = YES;
				CLANG_WARN_BOOL_CONVERSION = YES;
				CLANG_WARN_COMMA = YES;
				CLANG_WARN_CONSTANT_CONVERSION = YES;
				CLANG_WARN_DEPRECATED_OBJC_IMPLEMENTATIONS = YES;
				CLANG_WARN_DIRECT_OBJC_ISA_USAGE = YES_ERROR;
				CLANG_WARN_DOCUMENTATION_COMMENTS = YES;
				CLANG_WARN_EMPTY_BODY = YES;
				CLANG_WARN_ENUM_CONVERSION = YES;
				CLANG_WARN_INFINITE_RECURSION = YES;
				CLANG_WARN_INT_CONVERSION = YES;
				CLANG_WARN_NON_LITERAL_NULL_CONVERSION = YES;
				CLANG_WARN_OBJC_IMPLICIT_RETAIN_SELF = YES;
				CLANG_WARN_OBJC_LITERAL_CONVERSION = YES;
				CLANG_WARN_OBJC_ROOT_CLASS = YES_ERROR;
				CLANG_WARN_QUOTED_INCLUDE_IN_FRAMEWORK_HEADER = YES;
				CLANG_WARN_RANGE_LOOP_ANALYSIS = YES;
				CLANG_WARN_STRICT_PROTOTYPES = YES;
				CLANG_WARN_SUSPICIOUS_MOVE = YES;
				CLANG_WARN_UNGUARDED_AVAILABILITY = YES_AGGRESSIVE;
				CLANG_WARN_UNREACHABLE_CODE = YES;
				CLANG_WARN__DUPLICATE_METHOD_MATCH = YES;
				COPY_PHASE_STRIP = NO;
				DEBUG_INFORMATION_FORMAT = dwarf;
				ENABLE_STRICT_OBJC_MSGSEND = YES;
				ENABLE_TESTABILITY = YES;
				ENABLE_USER_SCRIPT_SANDBOXING = NO;
				GCC_C_LANGUAGE_STANDARD = gnu17;
				GCC_DYNAMIC_NO_PIC = NO;
				GCC_NO_COMMON_BLOCKS = YES;
				GCC_OPTIMIZATION_LEVEL = 0;
				GCC_PREPROCESSOR_DEFINITIONS = (
					"DEBUG=1",
					"$(inherited)",
				);
				GCC_WARN_64_TO_32_BIT_CONVERSION = YES;
				GCC_WARN_ABOUT_RETURN_TYPE = YES_ERROR;
				GCC_WARN_UNDECLARED_SELECTOR = YES;
				GCC_WARN_UNINITIALIZED_AUTOS = YES_AGGRESSIVE;
				GCC_WARN_UNUSED_FUNCTION = YES;
				GCC_WARN_UNUSED_VARIABLE = YES;
				IPHONEOS_DEPLOYMENT_TARGET = 17.0;
				LOCALIZATION_PREFERS_STRING_CATALOGS = YES;
				MTL_ENABLE_DEBUG_INFO = INCLUDE_SOURCE;
				MTL_FAST_MATH = YES;
				ONLY_ACTIVE_ARCH = YES;
				SDKROOT = iphoneos;
				SWIFT_ACTIVE_COMPILATION_CONDITIONS = "DEBUG $(inherited)";
				SWIFT_OPTIMIZATION_LEVEL = "-Onone";
			};
			name = Debug;
		};
		65BEB1AB2B5677F70012EF9E /* Release */ = {
			isa = XCBuildConfiguration;
			buildSettings = {
				ALWAYS_SEARCH_USER_PATHS = NO;
				ASSETCATALOG_COMPILER_GENERATE_SWIFT_ASSET_SYMBOL_EXTENSIONS = YES;
				CLANG_ANALYZER_NONNULL = YES;
				CLANG_ANALYZER_NUMBER_OBJECT_CONVERSION = YES_AGGRESSIVE;
				CLANG_CXX_LANGUAGE_STANDARD = "gnu++20";
				CLANG_ENABLE_MODULES = YES;
				CLANG_ENABLE_OBJC_ARC = YES;
				CLANG_ENABLE_OBJC_WEAK = YES;
				CLANG_WARN_BLOCK_CAPTURE_AUTORELEASING = YES;
				CLANG_WARN_BOOL_CONVERSION = YES;
				CLANG_WARN_COMMA = YES;
				CLANG_WARN_CONSTANT_CONVERSION = YES;
				CLANG_WARN_DEPRECATED_OBJC_IMPLEMENTATIONS = YES;
				CLANG_WARN_DIRECT_OBJC_ISA_USAGE = YES_ERROR;
				CLANG_WARN_DOCUMENTATION_COMMENTS = YES;
				CLANG_WARN_EMPTY_BODY = YES;
				CLANG_WARN_ENUM_CONVERSION = YES;
				CLANG_WARN_INFINITE_RECURSION = YES;
				CLANG_WARN_INT_CONVERSION = YES;
				CLANG_WARN_NON_LITERAL_NULL_CONVERSION = YES;
				CLANG_WARN_OBJC_IMPLICIT_RETAIN_SELF = YES;
				CLANG_WARN_OBJC_LITERAL_CONVERSION = YES;
				CLANG_WARN_OBJC_ROOT_CLASS = YES_ERROR;
				CLANG_WARN_QUOTED_INCLUDE_IN_FRAMEWORK_HEADER = YES;
				CLANG_WARN_RANGE_LOOP_ANALYSIS = YES;
				CLANG_WARN_STRICT_PROTOTYPES = YES;
				CLANG_WARN_SUSPICIOUS_MOVE = YES;
				CLANG_WARN_UNGUARDED_AVAILABILITY = YES_AGGRESSIVE;
				CLANG_WARN_UNREACHABLE_CODE = YES;
				CLANG_WARN__DUPLICATE_METHOD_MATCH = YES;
				COPY_PHASE_STRIP = NO;
				DEBUG_INFORMATION_FORMAT = "dwarf-with-dsym";
				ENABLE_NS_ASSERTIONS = NO;
				ENABLE_STRICT_OBJC_MSGSEND = YES;
				ENABLE_USER_SCRIPT_SANDBOXING = NO;
				GCC_C_LANGUAGE_STANDARD = gnu17;
				GCC_NO_COMMON_BLOCKS = YES;
				GCC_WARN_64_TO_32_BIT_CONVERSION = YES;
				GCC_WARN_ABOUT_RETURN_TYPE = YES_ERROR;
				GCC_WARN_UNDECLARED_SELECTOR = YES;
				GCC_WARN_UNINITIALIZED_AUTOS = YES_AGGRESSIVE;
				GCC_WARN_UNUSED_FUNCTION = YES;
				GCC_WARN_UNUSED_VARIABLE = YES;
				IPHONEOS_DEPLOYMENT_TARGET = 17.0;
				LOCALIZATION_PREFERS_STRING_CATALOGS = YES;
				MTL_ENABLE_DEBUG_INFO = NO;
				MTL_FAST_MATH = YES;
				SDKROOT = iphoneos;
				SWIFT_COMPILATION_MODE = wholemodule;
				VALIDATE_PRODUCT = YES;
			};
			name = Release;
		};
		65BEB1AD2B5677F70012EF9E /* Debug */ = {
			isa = XCBuildConfiguration;
			baseConfigurationReference = 32305CD8E6D4EC6CC605C73B /* Pods-CrowdFlow.debug.xcconfig */;
			buildSettings = {
				ASSETCATALOG_COMPILER_APPICON_NAME = AppIcon;
				ASSETCATALOG_COMPILER_GLOBAL_ACCENT_COLOR_NAME = AccentColor;
				CODE_SIGN_STYLE = Automatic;
				CURRENT_PROJECT_VERSION = 1;
				DEVELOPMENT_TEAM = 4JFN55H5ZN;
				GENERATE_INFOPLIST_FILE = YES;
				INFOPLIST_FILE = CrowdFlow/Info.plist;
				INFOPLIST_KEY_UIApplicationSupportsIndirectInputEvents = YES;
				INFOPLIST_KEY_UILaunchStoryboardName = LaunchScreen;
				INFOPLIST_KEY_UISupportedInterfaceOrientations = UIInterfaceOrientationPortrait;
				INFOPLIST_KEY_UISupportedInterfaceOrientations_iPad = "UIInterfaceOrientationLandscapeLeft UIInterfaceOrientationLandscapeRight UIInterfaceOrientationPortrait UIInterfaceOrientationPortraitUpsideDown";
				IPHONEOS_DEPLOYMENT_TARGET = 16.0;
				LD_RUNPATH_SEARCH_PATHS = (
					"$(inherited)",
					"@executable_path/Frameworks",
				);
				MARKETING_VERSION = 1.0;
				PRODUCT_BUNDLE_IDENTIFIER = com.danielniels.CrowdFlow;
				PRODUCT_NAME = "$(TARGET_NAME)";
				SUPPORTED_PLATFORMS = "iphoneos iphonesimulator";
				SUPPORTS_MACCATALYST = NO;
				SWIFT_EMIT_LOC_STRINGS = YES;
				SWIFT_VERSION = 5.0;
				TARGETED_DEVICE_FAMILY = 1;
			};
			name = Debug;
		};
		65BEB1AE2B5677F70012EF9E /* Release */ = {
			isa = XCBuildConfiguration;
			baseConfigurationReference = 1EF7334102A9671BDE21BE96 /* Pods-CrowdFlow.release.xcconfig */;
			buildSettings = {
				ASSETCATALOG_COMPILER_APPICON_NAME = AppIcon;
				ASSETCATALOG_COMPILER_GLOBAL_ACCENT_COLOR_NAME = AccentColor;
				CODE_SIGN_STYLE = Automatic;
				CURRENT_PROJECT_VERSION = 1;
				DEVELOPMENT_TEAM = 4JFN55H5ZN;
				GENERATE_INFOPLIST_FILE = YES;
				INFOPLIST_FILE = CrowdFlow/Info.plist;
				INFOPLIST_KEY_UIApplicationSupportsIndirectInputEvents = YES;
				INFOPLIST_KEY_UILaunchStoryboardName = LaunchScreen;
				INFOPLIST_KEY_UISupportedInterfaceOrientations = UIInterfaceOrientationPortrait;
				INFOPLIST_KEY_UISupportedInterfaceOrientations_iPad = "UIInterfaceOrientationLandscapeLeft UIInterfaceOrientationLandscapeRight UIInterfaceOrientationPortrait UIInterfaceOrientationPortraitUpsideDown";
				IPHONEOS_DEPLOYMENT_TARGET = 16.0;
				LD_RUNPATH_SEARCH_PATHS = (
					"$(inherited)",
					"@executable_path/Frameworks",
				);
				MARKETING_VERSION = 1.0;
				PRODUCT_BUNDLE_IDENTIFIER = com.danielniels.CrowdFlow;
				PRODUCT_NAME = "$(TARGET_NAME)";
				SUPPORTED_PLATFORMS = "iphoneos iphonesimulator";
				SUPPORTS_MACCATALYST = NO;
				SWIFT_EMIT_LOC_STRINGS = YES;
				SWIFT_VERSION = 5.0;
				TARGETED_DEVICE_FAMILY = 1;
			};
			name = Release;
		};
/* End XCBuildConfiguration section */

/* Begin XCConfigurationList section */
		65BEB1932B5677F60012EF9E /* Build configuration list for PBXProject "CrowdFlow" */ = {
			isa = XCConfigurationList;
			buildConfigurations = (
				65BEB1AA2B5677F70012EF9E /* Debug */,
				65BEB1AB2B5677F70012EF9E /* Release */,
			);
			defaultConfigurationIsVisible = 0;
			defaultConfigurationName = Release;
		};
		65BEB1AC2B5677F70012EF9E /* Build configuration list for PBXNativeTarget "CrowdFlow" */ = {
			isa = XCConfigurationList;
			buildConfigurations = (
				65BEB1AD2B5677F70012EF9E /* Debug */,
				65BEB1AE2B5677F70012EF9E /* Release */,
			);
			defaultConfigurationIsVisible = 0;
			defaultConfigurationName = Release;
		};
/* End XCConfigurationList section */
	};
	rootObject = 65BEB1902B5677F60012EF9E /* Project object */;
}
