// !$*UTF8*$!
{
	archiveVersion = 1;
	classes = {
	};
	objectVersion = 56;
	objects = {

/* Begin PBXBuildFile section */
		65BEB19C2B5677F60012EF9E /* AppDelegate.swift in Sources */ = {isa = PBXBuildFile; fileRef = 65BEB19B2B5677F60012EF9E /* AppDelegate.swift */; };
		65BEB19E2B5677F60012EF9E /* SceneDelegate.swift in Sources */ = {isa = PBXBuildFile; fileRef = 65BEB19D2B5677F60012EF9E /* SceneDelegate.swift */; };
		65BEB1A02B5677F60012EF9E /* ViewController.swift in Sources */ = {isa = PBXBuildFile; fileRef = 65BEB19F2B5677F60012EF9E /* ViewController.swift */; };
		65BEB1A32B5677F60012EF9E /* Main.storyboard in Resources */ = {isa = PBXBuildFile; fileRef = 65BEB1A12B5677F60012EF9E /* Main.storyboard */; };
		65BEB1A52B5677F70012EF9E /* Assets.xcassets in Resources */ = {isa = PBXBuildFile; fileRef = 65BEB1A42B5677F70012EF9E /* Assets.xcassets */; };
		65BEB1A82B5677F70012EF9E /* LaunchScreen.storyboard in Resources */ = {isa = PBXBuildFile; fileRef = 65BEB1A62B5677F70012EF9E /* LaunchScreen.storyboard */; };
		ADC2AAD648EE5972F4868BE6 /* Pods_CrowdFlow.framework in Frameworks */ = {isa = PBXBuildFile; fileRef = C8DB60FFE39BA7E033A8D8E7 /* Pods_CrowdFlow.framework */; };
/* End PBXBuildFile section */

/* Begin PBXFileReference section */
		1EF7334102A9671BDE21BE96 /* Pods-CrowdFlow.release.xcconfig */ = {isa = PBXFileReference; includeInIndex = 1; lastKnownFileType = text.xcconfig; name = "Pods-CrowdFlow.release.xcconfig"; path = "Target Support Files/Pods-CrowdFlow/Pods-CrowdFlow.release.xcconfig"; sourceTree = "<group>"; };
		32305CD8E6D4EC6CC605C73B /* Pods-CrowdFlow.debug.xcconfig */ = {isa = PBXFileReference; includeInIndex = 1; lastKnownFileType = text.xcconfig; name = "Pods-CrowdFlow.debug.xcconfig"; path = "Target Support Files/Pods-CrowdFlow/Pods-CrowdFlow.debug.xcconfig"; sourceTree = "<group>"; };
		65BEB1982B5677F60012EF9E /* CrowdFlow.app */ = {isa = PBXFileReference; explicitFileType = wrapper.application; includeInIndex = 0; path = CrowdFlow.app; sourceTree = BUILT_PRODUCTS_DIR; };
		65BEB19B2B5677F60012EF9E /* AppDelegate.swift */ = {isa = PBXFileReference; lastKnownFileType = sourcecode.swift; path = AppDelegate.swift; sourceTree = "<group>"; };
		65BEB19D2B5677F60012EF9E /* SceneDelegate.swift */ = {isa = PBXFileReference; lastKnownFileType = sourcecode.swift; path = SceneDelegate.swift; sourceTree = "<group>"; };
		65BEB19F2B5677F60012EF9E /* ViewController.swift */ = {isa = PBXFileReference; lastKnownFileType = sourcecode.swift; path = ViewController.swift; sourceTree = "<group>"; };
		65BEB1A22B5677F60012EF9E /* Base */ = {isa = PBXFileReference; lastKnownFileType = file.storyboard; name = Base; path = Base.lproj/Main.storyboard; sourceTree = "<group>"; };
		65BEB1A42B5677F70012EF9E /* Assets.xcassets */ = {isa = PBXFileReference; lastKnownFileType = folder.assetcatalog; path = Assets.xcassets; sourceTree = "<group>"; };
		65BEB1A72B5677F70012EF9E /* Base */ = {isa = PBXFileReference; lastKnownFileType = file.storyboard; name = Base; path = Base.lproj/LaunchScreen.storyboard; sourceTree = "<group>"; };
		65BEB1A92B5677F70012EF9E /* Info.plist */ = {isa = PBXFileReference; lastKnownFileType = text.plist.xml; path = Info.plist; sourceTree = "<group>"; };
		C8DB60FFE39BA7E033A8D8E7 /* Pods_CrowdFlow.framework */ = {isa = PBXFileReference; explicitFileType = wrapper.framework; includeInIndex = 0; path = Pods_CrowdFlow.framework; sourceTree = BUILT_PRODUCTS_DIR; };
/* End PBXFileReference section */

/* Begin PBXFrameworksBuildPhase section */
		65BEB1952B5677F60012EF9E /* Frameworks */ = {
			isa = PBXFrameworksBuildPhase;
			buildActionMask = 2147483647;
			files = (
				ADC2AAD648EE5972F4868BE6 /* Pods_CrowdFlow.framework in Frameworks */,
			);
			runOnlyForDeploymentPostprocessing = 0;
		};
/* End PBXFrameworksBuildPhase section */

/* Begin PBXGroup section */
		65BEB18F2B5677F60012EF9E = {
			isa = PBXGroup;
			children = (
				65BEB19A2B5677F60012EF9E /* CrowdFlow */,
				65BEB1992B5677F60012EF9E /* Products */,
				CDB6CC9062CE6BEB37715493 /* Pods */,
				FA2C336E1709C95F4170EFEC /* Frameworks */,
			);
			sourceTree = "<group>";
		};
		65BEB1992B5677F60012EF9E /* Products */ = {
			isa = PBXGroup;
			children = (
				65BEB1982B5677F60012EF9E /* CrowdFlow.app */,
			);
			name = Products;
			sourceTree = "<group>";
		};
		65BEB19A2B5677F60012EF9E /* CrowdFlow */ = {
			isa = PBXGroup;
			children = (
				65BEB19B2B5677F60012EF9E /* AppDelegate.swift */,
				65BEB19D2B5677F60012EF9E /* SceneDelegate.swift */,
				65BEB19F2B5677F60012EF9E /* ViewController.swift */,
				65BEB1A12B5677F60012EF9E /* Main.storyboard */,
				65BEB1A42B5677F70012EF9E /* Assets.xcassets */,
				65BEB1A62B5677F70012EF9E /* LaunchScreen.storyboard */,
				65BEB1A92B5677F70012EF9E /* Info.plist */,
			);
			path = CrowdFlow;
			sourceTree = "<group>";
		};
		CDB6CC9062CE6BEB37715493 /* Pods */ = {
			isa = PBXGroup;
			children = (
				32305CD8E6D4EC6CC605C73B /* Pods-CrowdFlow.debug.xcconfig */,
				1EF7334102A9671BDE21BE96 /* Pods-CrowdFlow.release.xcconfig */,
			);
			name = Pods;
			path = Pods;
			sourceTree = "<group>";
		};
		FA2C336E1709C95F4170EFEC /* Frameworks */ = {
			isa = PBXGroup;
			children = (
				C8DB60FFE39BA7E033A8D8E7 /* Pods_CrowdFlow.framework */,
			);
			name = Frameworks;
			sourceTree = "<group>";
		};
/* End PBXGroup section */

/* Begin PBXNativeTarget section */
		65BEB1972B5677F60012EF9E /* CrowdFlow */ = {
			isa = PBXNativeTarget;
			buildConfigurationList = 65BEB1AC2B5677F70012EF9E /* Build configuration list for PBXNativeTarget "CrowdFlow" */;
			buildPhases = (
				047D0DDF8C31E1BDFDDB03C5 /* [CP] Check Pods Manifest.lock */,
				65BEB1942B5677F60012EF9E /* Sources */,
				65BEB1952B5677F60012EF9E /* Frameworks */,
				65BEB1962B5677F60012EF9E /* Resources */,
			);
			buildRules = (
			);
			dependencies = (
			);
			name = CrowdFlow;
			productName = CrowdFlow;
			productReference = 65BEB1982B5677F60012EF9E /* CrowdFlow.app */;
			productType = "com.apple.product-type.application";
		};
/* End PBXNativeTarget section */

/* Begin PBXProject section */
		65BEB1902B5677F60012EF9E /* Project object */ = {
			isa = PBXProject;
			attributes = {
				BuildIndependentTargetsInParallel = 1;
				LastSwiftUpdateCheck = 1500;
				LastUpgradeCheck = 1500;
				TargetAttributes = {
					65BEB1972B5677F60012EF9E = {
						CreatedOnToolsVersion = 15.0;
					};
				};
			};
			buildConfigurationList = 65BEB1932B5677F60012EF9E /* Build configuration list for PBXProject "CrowdFlow" */;
			compatibilityVersion = "Xcode 14.0";
			developmentRegion = en;
			hasScannedForEncodings = 0;
			knownRegions = (
				en,
				Base,
			);
			mainGroup = 65BEB18F2B5677F60012EF9E;
			productRefGroup = 65BEB1992B5677F60012EF9E /* Products */;
			projectDirPath = "";
			projectRoot = "";
			targets = (
				65BEB1972B5677F60012EF9E /* CrowdFlow */,
			);
		};
/* End PBXProject section */

/* Begin PBXResourcesBuildPhase section */
		65BEB1962B5677F60012EF9E /* Resources */ = {
			isa = PBXResourcesBuildPhase;
			buildActionMask = 2147483647;
			files = (
				65BEB1A82B5677F70012EF9E /* LaunchScreen.storyboard in Resources */,
				65BEB1A52B5677F70012EF9E /* Assets.xcassets in Resources */,
				65BEB1A32B5677F60012EF9E /* Main.storyboard in Resources */,
			);
			runOnlyForDeploymentPostprocessing = 0;
		};
/* End PBXResourcesBuildPhase section */

/* Begin PBXShellScriptBuildPhase section */
		047D0DDF8C31E1BDFDDB03C5 /* [CP] Check Pods Manifest.lock */ = {
			isa = PBXShellScriptBuildPhase;
			buildActionMask = 2147483647;
			files = (
			);
			inputFileListPaths = (
			);
			inputPaths = (
				"${PODS_PODFILE_DIR_PATH}/Podfile.lock",
				"${PODS_ROOT}/Manifest.lock",
			);
			name = "[CP] Check Pods Manifest.lock";
			outputFileListPaths = (
			);
			outputPaths = (
				"$(DERIVED_FILE_DIR)/Pods-CrowdFlow-checkManifestLockResult.txt",
			);
			runOnlyForDeploymentPostprocessing = 0;
			shellPath = /bin/sh;
			shellScript = "diff \"${PODS_PODFILE_DIR_PATH}/Podfile.lock\" \"${PODS_ROOT}/Manifest.lock\" > /dev/null\nif [ $? != 0 ] ; then\n    # print error to STDERR\n    echo \"error: The sandbox is not in sync with the Podfile.lock. Run 'pod install' or update your CocoaPods installation.\" >&2\n    exit 1\nfi\n# This output is used by Xcode 'outputs' to avoid re-running this script phase.\necho \"SUCCESS\" > \"${SCRIPT_OUTPUT_FILE_0}\"\n";
			showEnvVarsInLog = 0;
		};
/* End PBXShellScriptBuildPhase section */

/* Begin PBXSourcesBuildPhase section */
		65BEB1942B5677F60012EF9E /* Sources */ = {
			isa = PBXSourcesBuildPhase;
			buildActionMask = 2147483647;
			files = (
				65BEB1A02B5677F60012EF9E /* ViewController.swift in Sources */,
				65BEB19C2B5677F60012EF9E /* AppDelegate.swift in Sources */,
				65BEB19E2B5677F60012EF9E /* SceneDelegate.swift in Sources */,
			);
			runOnlyForDeploymentPostprocessing = 0;
		};
/* End PBXSourcesBuildPhase section */

/* Begin PBXVariantGroup section */
		65BEB1A12B5677F60012EF9E /* Main.storyboard */ = {
			isa = PBXVariantGroup;
			children = (
				65BEB1A22B5677F60012EF9E /* Base */,
			);
			name = Main.storyboard;
			sourceTree = "<group>";
		};
		65BEB1A62B5677F70012EF9E /* LaunchScreen.storyboard */ = {
			isa = PBXVariantGroup;
			children = (
				65BEB1A72B5677F70012EF9E /* Base */,
			);
			name = LaunchScreen.storyboard;
			sourceTree = "<group>";
		};
/* End PBXVariantGroup section */

/* Begin XCBuildConfiguration section */
		65BEB1AA2B5677F70012EF9E /* Debug */ = {
			isa = XCBuildConfiguration;
			buildSettings = {
				ALWAYS_SEARCH_USER_PATHS = NO;
				ASSETCATALOG_COMPILER_GENERATE_SWIFT_ASSET_SYMBOL_EXTENSIONS = YES;
				CLANG_ANALYZER_NONNULL = YES;
				CLANG_ANALYZER_NUMBER_OBJECT_CONVERSION = YES_AGGRESSIVE;
				CLANG_CXX_LANGUAGE_STANDARD = "gnu++20";
				CLANG_ENABLE_MODULES = YES;
				CLANG_ENABLE_OBJC_ARC = YES;
				CLANG_ENABLE_OBJC_WEAK = YES;
				CLANG_WARN_BLOCK_CAPTURE_AUTORELEASING = YES;
				CLANG_WARN_BOOL_CONVERSION = YES;
				CLANG_WARN_COMMA = YES;
				CLANG_WARN_CONSTANT_CONVERSION = YES;
				CLANG_WARN_DEPRECATED_OBJC_IMPLEMENTATIONS = YES;
				CLANG_WARN_DIRECT_OBJC_ISA_USAGE = YES_ERROR;
				CLANG_WARN_DOCUMENTATION_COMMENTS = YES;
				CLANG_WARN_EMPTY_BODY = YES;
				CLANG_WARN_ENUM_CONVERSION = YES;
				CLANG_WARN_INFINITE_RECURSION = YES;
				CLANG_WARN_INT_CONVERSION = YES;
				CLANG_WARN_NON_LITERAL_NULL_CONVERSION = YES;
				CLANG_WARN_OBJC_IMPLICIT_RETAIN_SELF = YES;
				CLANG_WARN_OBJC_LITERAL_CONVERSION = YES;
				CLANG_WARN_OBJC_ROOT_CLASS = YES_ERROR;
				CLANG_WARN_QUOTED_INCLUDE_IN_FRAMEWORK_HEADER = YES;
				CLANG_WARN_RANGE_LOOP_ANALYSIS = YES;
				CLANG_WARN_STRICT_PROTOTYPES = YES;
				CLANG_WARN_SUSPICIOUS_MOVE = YES;
				CLANG_WARN_UNGUARDED_AVAILABILITY = YES_AGGRESSIVE;
				CLANG_WARN_UNREACHABLE_CODE = YES;
				CLANG_WARN__DUPLICATE_METHOD_MATCH = YES;
				COPY_PHASE_STRIP = NO;
				DEBUG_INFORMATION_FORMAT = dwarf;
				ENABLE_STRICT_OBJC_MSGSEND = YES;
				ENABLE_TESTABILITY = YES;
				ENABLE_USER_SCRIPT_SANDBOXING = YES;
				GCC_C_LANGUAGE_STANDARD = gnu17;
				GCC_DYNAMIC_NO_PIC = NO;
				GCC_NO_COMMON_BLOCKS = YES;
				GCC_OPTIMIZATION_LEVEL = 0;
				GCC_PREPROCESSOR_DEFINITIONS = (
					"DEBUG=1",
					"$(inherited)",
				);
				GCC_WARN_64_TO_32_BIT_CONVERSION = YES;
				GCC_WARN_ABOUT_RETURN_TYPE = YES_ERROR;
				GCC_WARN_UNDECLARED_SELECTOR = YES;
				GCC_WARN_UNINITIALIZED_AUTOS = YES_AGGRESSIVE;
				GCC_WARN_UNUSED_FUNCTION = YES;
				GCC_WARN_UNUSED_VARIABLE = YES;
				IPHONEOS_DEPLOYMENT_TARGET = 17.0;
				LOCALIZATION_PREFERS_STRING_CATALOGS = YES;
				MTL_ENABLE_DEBUG_INFO = INCLUDE_SOURCE;
				MTL_FAST_MATH = YES;
				ONLY_ACTIVE_ARCH = YES;
				SDKROOT = iphoneos;
				SWIFT_ACTIVE_COMPILATION_CONDITIONS = "DEBUG $(inherited)";
				SWIFT_OPTIMIZATION_LEVEL = "-Onone";
			};
			name = Debug;
		};
		65BEB1AB2B5677F70012EF9E /* Release */ = {
			isa = XCBuildConfiguration;
			buildSettings = {
				ALWAYS_SEARCH_USER_PATHS = NO;
				ASSETCATALOG_COMPILER_GENERATE_SWIFT_ASSET_SYMBOL_EXTENSIONS = YES;
				CLANG_ANALYZER_NONNULL = YES;
				CLANG_ANALYZER_NUMBER_OBJECT_CONVERSION = YES_AGGRESSIVE;
				CLANG_CXX_LANGUAGE_STANDARD = "gnu++20";
				CLANG_ENABLE_MODULES = YES;
				CLANG_ENABLE_OBJC_ARC = YES;
				CLANG_ENABLE_OBJC_WEAK = YES;
				CLANG_WARN_BLOCK_CAPTURE_AUTORELEASING = YES;
				CLANG_WARN_BOOL_CONVERSION = YES;
				CLANG_WARN_COMMA = YES;
				CLANG_WARN_CONSTANT_CONVERSION = YES;
				CLANG_WARN_DEPRECATED_OBJC_IMPLEMENTATIONS = YES;
				CLANG_WARN_DIRECT_OBJC_ISA_USAGE = YES_ERROR;
				CLANG_WARN_DOCUMENTATION_COMMENTS = YES;
				CLANG_WARN_EMPTY_BODY = YES;
				CLANG_WARN_ENUM_CONVERSION = YES;
				CLANG_WARN_INFINITE_RECURSION = YES;
				CLANG_WARN_INT_CONVERSION = YES;
				CLANG_WARN_NON_LITERAL_NULL_CONVERSION = YES;
				CLANG_WARN_OBJC_IMPLICIT_RETAIN_SELF = YES;
				CLANG_WARN_OBJC_LITERAL_CONVERSION = YES;
				CLANG_WARN_OBJC_ROOT_CLASS = YES_ERROR;
				CLANG_WARN_QUOTED_INCLUDE_IN_FRAMEWORK_HEADER = YES;
				CLANG_WARN_RANGE_LOOP_ANALYSIS = YES;
				CLANG_WARN_STRICT_PROTOTYPES = YES;
				CLANG_WARN_SUSPICIOUS_MOVE = YES;
				CLANG_WARN_UNGUARDED_AVAILABILITY = YES_AGGRESSIVE;
				CLANG_WARN_UNREACHABLE_CODE = YES;
				CLANG_WARN__DUPLICATE_METHOD_MATCH = YES;
				COPY_PHASE_STRIP = NO;
				DEBUG_INFORMATION_FORMAT = "dwarf-with-dsym";
				ENABLE_NS_ASSERTIONS = NO;
				ENABLE_STRICT_OBJC_MSGSEND = YES;
				ENABLE_USER_SCRIPT_SANDBOXING = YES;
				GCC_C_LANGUAGE_STANDARD = gnu17;
				GCC_NO_COMMON_BLOCKS = YES;
				GCC_WARN_64_TO_32_BIT_CONVERSION = YES;
				GCC_WARN_ABOUT_RETURN_TYPE = YES_ERROR;
				GCC_WARN_UNDECLARED_SELECTOR = YES;
				GCC_WARN_UNINITIALIZED_AUTOS = YES_AGGRESSIVE;
				GCC_WARN_UNUSED_FUNCTION = YES;
				GCC_WARN_UNUSED_VARIABLE = YES;
				IPHONEOS_DEPLOYMENT_TARGET = 17.0;
				LOCALIZATION_PREFERS_STRING_CATALOGS = YES;
				MTL_ENABLE_DEBUG_INFO = NO;
				MTL_FAST_MATH = YES;
				SDKROOT = iphoneos;
				SWIFT_COMPILATION_MODE = wholemodule;
				VALIDATE_PRODUCT = YES;
			};
			name = Release;
		};
		65BEB1AD2B5677F70012EF9E /* Debug */ = {
			isa = XCBuildConfiguration;
			baseConfigurationReference = 32305CD8E6D4EC6CC605C73B /* Pods-CrowdFlow.debug.xcconfig */;
			buildSettings = {
				ASSETCATALOG_COMPILER_APPICON_NAME = AppIcon;
				ASSETCATALOG_COMPILER_GLOBAL_ACCENT_COLOR_NAME = AccentColor;
				CODE_SIGN_STYLE = Automatic;
				CURRENT_PROJECT_VERSION = 1;
				DEVELOPMENT_TEAM = 4JFN55H5ZN;
				GENERATE_INFOPLIST_FILE = YES;
				INFOPLIST_FILE = CrowdFlow/Info.plist;
				INFOPLIST_KEY_UIApplicationSupportsIndirectInputEvents = YES;
				INFOPLIST_KEY_UILaunchStoryboardName = LaunchScreen;
				INFOPLIST_KEY_UIMainStoryboardFile = Main;
				INFOPLIST_KEY_UISupportedInterfaceOrientations_iPad = "UIInterfaceOrientationPortrait UIInterfaceOrientationPortraitUpsideDown UIInterfaceOrientationLandscapeLeft UIInterfaceOrientationLandscapeRight";
				INFOPLIST_KEY_UISupportedInterfaceOrientations_iPhone = "UIInterfaceOrientationPortrait UIInterfaceOrientationLandscapeLeft UIInterfaceOrientationLandscapeRight";
				LD_RUNPATH_SEARCH_PATHS = (
					"$(inherited)",
					"@executable_path/Frameworks",
				);
				MARKETING_VERSION = 1.0;
				PRODUCT_BUNDLE_IDENTIFIER = com.danielniels.CrowdFlow;
				PRODUCT_NAME = "$(TARGET_NAME)";
				SWIFT_EMIT_LOC_STRINGS = YES;
				SWIFT_VERSION = 5.0;
				TARGETED_DEVICE_FAMILY = "1,2";
			};
			name = Debug;
		};
		65BEB1AE2B5677F70012EF9E /* Release */ = {
			isa = XCBuildConfiguration;
			baseConfigurationReference = 1EF7334102A9671BDE21BE96 /* Pods-CrowdFlow.release.xcconfig */;
			buildSettings = {
				ASSETCATALOG_COMPILER_APPICON_NAME = AppIcon;
				ASSETCATALOG_COMPILER_GLOBAL_ACCENT_COLOR_NAME = AccentColor;
				CODE_SIGN_STYLE = Automatic;
				CURRENT_PROJECT_VERSION = 1;
				DEVELOPMENT_TEAM = 4JFN55H5ZN;
				GENERATE_INFOPLIST_FILE = YES;
				INFOPLIST_FILE = CrowdFlow/Info.plist;
				INFOPLIST_KEY_UIApplicationSupportsIndirectInputEvents = YES;
				INFOPLIST_KEY_UILaunchStoryboardName = LaunchScreen;
				INFOPLIST_KEY_UIMainStoryboardFile = Main;
				INFOPLIST_KEY_UISupportedInterfaceOrientations_iPad = "UIInterfaceOrientationPortrait UIInterfaceOrientationPortraitUpsideDown UIInterfaceOrientationLandscapeLeft UIInterfaceOrientationLandscapeRight";
				INFOPLIST_KEY_UISupportedInterfaceOrientations_iPhone = "UIInterfaceOrientationPortrait UIInterfaceOrientationLandscapeLeft UIInterfaceOrientationLandscapeRight";
				LD_RUNPATH_SEARCH_PATHS = (
					"$(inherited)",
					"@executable_path/Frameworks",
				);
				MARKETING_VERSION = 1.0;
				PRODUCT_BUNDLE_IDENTIFIER = com.danielniels.CrowdFlow;
				PRODUCT_NAME = "$(TARGET_NAME)";
				SWIFT_EMIT_LOC_STRINGS = YES;
				SWIFT_VERSION = 5.0;
				TARGETED_DEVICE_FAMILY = "1,2";
			};
			name = Release;
		};
/* End XCBuildConfiguration section */

/* Begin XCConfigurationList section */
		65BEB1932B5677F60012EF9E /* Build configuration list for PBXProject "CrowdFlow" */ = {
			isa = XCConfigurationList;
			buildConfigurations = (
				65BEB1AA2B5677F70012EF9E /* Debug */,
				65BEB1AB2B5677F70012EF9E /* Release */,
			);
			defaultConfigurationIsVisible = 0;
			defaultConfigurationName = Release;
		};
		65BEB1AC2B5677F70012EF9E /* Build configuration list for PBXNativeTarget "CrowdFlow" */ = {
			isa = XCConfigurationList;
			buildConfigurations = (
				65BEB1AD2B5677F70012EF9E /* Debug */,
				65BEB1AE2B5677F70012EF9E /* Release */,
			);
			defaultConfigurationIsVisible = 0;
			defaultConfigurationName = Release;
		};
/* End XCConfigurationList section */
	};
	rootObject = 65BEB1902B5677F60012EF9E /* Project object */;
}
